
Microsoft Visual Studio Solution File, Format Version 12.00
# Visual Studio 15
Project("{FAE04EC0-301F-11D3-BF4B-00C04F79EFBC}") = "Assembly-CSharp", "Assembly-CSharp.csproj", "{921F0EE4-0C16-3F14-43AD-7FE5A5486350}"
EndProject
Global
	GlobalSection(SolutionConfigurationPlatforms) = preSolution
		Debug|Any CPU = Debug|Any CPU
		Release|Any CPU = Release|Any CPU
	EndGlobalSection
	GlobalSection(ProjectConfigurationPlatforms) = postSolution
		{921F0EE4-0C16-3F14-43AD-7FE5A5486350}.Debug|Any CPU.ActiveCfg = Debug|Any CPU
		{921F0EE4-0C16-3F14-43AD-7FE5A5486350}.Debug|Any CPU.Build.0 = Debug|Any CPU
		{921F0EE4-0C16-3F14-43AD-7FE5A5486350}.Release|Any CPU.ActiveCfg = Release|Any CPU
		{921F0EE4-0C16-3F14-43AD-7FE5A5486350}.Release|Any CPU.Build.0 = Release|Any CPU
	EndGlobalSection
	GlobalSection(SolutionProperties) = preSolution
		HideSolutionNode = FALSE
	EndGlobalSection
EndGlobal
